
Microsoft Visual Studio Solution File, Format Version 12.00
# Visual Studio Version 16
VisualStudioVersion = 16.0.31424.327
MinimumVisualStudioVersion = 10.0.40219.1
Project("{9A19103F-16F7-4668-BE54-9A1E7A4F7556}") = "Facade.Template.Instance", "Sources\Facade.Template.Instance\Facade.Template.Instance.csproj", "{87AF7717-995D-43EA-A0F5-8302678D8BD9}"
EndProject
Project("{2150E333-8FDC-42A3-9474-1A3956D46DE8}") = "Sources", "Sources", "{E4B1F4BA-255E-4460-A7D2-E2E6CD8A8F6D}"
EndProject
Project("{2150E333-8FDC-42A3-9474-1A3956D46DE8}") = "Tests", "Tests", "{9BE853EF-A484-42C2-908E-6895824D61EB}"
EndProject
Project("{2150E333-8FDC-42A3-9474-1A3956D46DE8}") = "Solution Items", "Solution Items", "{6170BC1C-5A60-4FB0-B61E-7944E69DBB9F}"
	ProjectSection(SolutionItems) = preProject
		.gitignore = .gitignore
		build.cake = build.cake
		build.ps1 = build.ps1
		package.template = package.template
		README.md = README.md
		RELEASE_NOTES.md = RELEASE_NOTES.md
		stylecop.json = stylecop.json
		stylecop.ruleset = stylecop.ruleset
	EndProjectSection
EndProject
Project("{2150E333-8FDC-42A3-9474-1A3956D46DE8}") = ".template.config", ".template.config", "{99345A4F-9548-42F6-80C2-92331F4A7388}"
	ProjectSection(SolutionItems) = preProject
		.template.config\template.json = .template.config\template.json
	EndProjectSection
EndProject
Project("{9A19103F-16F7-4668-BE54-9A1E7A4F7556}") = "Facade.Template.WebApi", "Sources\Facade.Template.WebApi\Facade.Template.WebApi.csproj", "{2FD3E233-7274-4197-BE5A-1300FB5F4CFF}"
EndProject
Project("{9A19103F-16F7-4668-BE54-9A1E7A4F7556}") = "Facade.Template.WebApi.Tests", "Tests\Facade.Template.WebApi.Tests\Facade.Template.WebApi.Tests.csproj", "{C180334F-B7C9-4462-9C7A-DD284F4F38F4}"
EndProject
Global
	GlobalSection(SolutionConfigurationPlatforms) = preSolution
		Debug|Any CPU = Debug|Any CPU
		Release|Any CPU = Release|Any CPU
	EndGlobalSection
	GlobalSection(ProjectConfigurationPlatforms) = postSolution
		{87AF7717-995D-43EA-A0F5-8302678D8BD9}.Debug|Any CPU.ActiveCfg = Debug|Any CPU
		{87AF7717-995D-43EA-A0F5-8302678D8BD9}.Debug|Any CPU.Build.0 = Debug|Any CPU
		{87AF7717-995D-43EA-A0F5-8302678D8BD9}.Release|Any CPU.ActiveCfg = Release|Any CPU
		{87AF7717-995D-43EA-A0F5-8302678D8BD9}.Release|Any CPU.Build.0 = Release|Any CPU
		{2FD3E233-7274-4197-BE5A-1300FB5F4CFF}.Debug|Any CPU.ActiveCfg = Debug|Any CPU
		{2FD3E233-7274-4197-BE5A-1300FB5F4CFF}.Debug|Any CPU.Build.0 = Debug|Any CPU
		{2FD3E233-7274-4197-BE5A-1300FB5F4CFF}.Release|Any CPU.ActiveCfg = Release|Any CPU
		{2FD3E233-7274-4197-BE5A-1300FB5F4CFF}.Release|Any CPU.Build.0 = Release|Any CPU
		{C180334F-B7C9-4462-9C7A-DD284F4F38F4}.Debug|Any CPU.ActiveCfg = Debug|Any CPU
		{C180334F-B7C9-4462-9C7A-DD284F4F38F4}.Debug|Any CPU.Build.0 = Debug|Any CPU
		{C180334F-B7C9-4462-9C7A-DD284F4F38F4}.Release|Any CPU.ActiveCfg = Release|Any CPU
		{C180334F-B7C9-4462-9C7A-DD284F4F38F4}.Release|Any CPU.Build.0 = Release|Any CPU
	EndGlobalSection
	GlobalSection(SolutionProperties) = preSolution
		HideSolutionNode = FALSE
	EndGlobalSection
	GlobalSection(NestedProjects) = preSolution
		{87AF7717-995D-43EA-A0F5-8302678D8BD9} = {E4B1F4BA-255E-4460-A7D2-E2E6CD8A8F6D}
		{2FD3E233-7274-4197-BE5A-1300FB5F4CFF} = {E4B1F4BA-255E-4460-A7D2-E2E6CD8A8F6D}
		{C180334F-B7C9-4462-9C7A-DD284F4F38F4} = {9BE853EF-A484-42C2-908E-6895824D61EB}
	EndGlobalSection
	GlobalSection(ExtensibilityGlobals) = postSolution
		SolutionGuid = {0F3F9CA1-632C-4898-B7F3-DA75AB5F4609}
	EndGlobalSection
EndGlobal
